
Microsoft Visual Studio Solution File, Format Version 12.00
# Visual Studio Version 16
VisualStudioVersion = 16.0.30011.22
MinimumVisualStudioVersion = 10.0.40219.1
Project("{9A19103F-16F7-4668-BE54-9A1E7A4F7556}") = "Framework", "Framework\Framework.csproj", "{93D8F8E5-001B-4BF6-BA25-2FC7EC3F085A}"
EndProject
Project("{00D1A9C2-B5F0-4AF3-8072-F6C62B433612}") = "Armadillo", "Armadillo\Armadillo.sqlproj", "{5179F99A-057F-4A88-9397-89FE67C5D6B9}"
EndProject
Project("{9A19103F-16F7-4668-BE54-9A1E7A4F7556}") = "UnitTest", "UnitTest\UnitTest.csproj", "{C60EC595-A26E-4B7A-8CDB-32E2D0208273}"
EndProject
Project("{FAE04EC0-301F-11D3-BF4B-00C04F79EFBC}") = "LogViewer", "LogViewer\LogViewer.csproj", "{256BF850-4B29-4EF5-8DD8-6FD84169116A}"
EndProject
Global
	GlobalSection(SolutionConfigurationPlatforms) = preSolution
		Debug|Any CPU = Debug|Any CPU
		Release|Any CPU = Release|Any CPU
	EndGlobalSection
	GlobalSection(ProjectConfigurationPlatforms) = postSolution
		{93D8F8E5-001B-4BF6-BA25-2FC7EC3F085A}.Debug|Any CPU.ActiveCfg = Debug|Any CPU
		{93D8F8E5-001B-4BF6-BA25-2FC7EC3F085A}.Debug|Any CPU.Build.0 = Debug|Any CPU
		{93D8F8E5-001B-4BF6-BA25-2FC7EC3F085A}.Release|Any CPU.ActiveCfg = Release|Any CPU
		{93D8F8E5-001B-4BF6-BA25-2FC7EC3F085A}.Release|Any CPU.Build.0 = Release|Any CPU
		{5179F99A-057F-4A88-9397-89FE67C5D6B9}.Debug|Any CPU.ActiveCfg = Debug|Any CPU
		{5179F99A-057F-4A88-9397-89FE67C5D6B9}.Debug|Any CPU.Build.0 = Debug|Any CPU
		{5179F99A-057F-4A88-9397-89FE67C5D6B9}.Debug|Any CPU.Deploy.0 = Debug|Any CPU
		{5179F99A-057F-4A88-9397-89FE67C5D6B9}.Release|Any CPU.ActiveCfg = Release|Any CPU
		{5179F99A-057F-4A88-9397-89FE67C5D6B9}.Release|Any CPU.Build.0 = Release|Any CPU
		{5179F99A-057F-4A88-9397-89FE67C5D6B9}.Release|Any CPU.Deploy.0 = Release|Any CPU
		{C60EC595-A26E-4B7A-8CDB-32E2D0208273}.Debug|Any CPU.ActiveCfg = Debug|Any CPU
		{C60EC595-A26E-4B7A-8CDB-32E2D0208273}.Debug|Any CPU.Build.0 = Debug|Any CPU
		{C60EC595-A26E-4B7A-8CDB-32E2D0208273}.Release|Any CPU.ActiveCfg = Release|Any CPU
		{C60EC595-A26E-4B7A-8CDB-32E2D0208273}.Release|Any CPU.Build.0 = Release|Any CPU
		{256BF850-4B29-4EF5-8DD8-6FD84169116A}.Debug|Any CPU.ActiveCfg = Debug|Any CPU
		{256BF850-4B29-4EF5-8DD8-6FD84169116A}.Debug|Any CPU.Build.0 = Debug|Any CPU
		{256BF850-4B29-4EF5-8DD8-6FD84169116A}.Release|Any CPU.ActiveCfg = Release|Any CPU
		{256BF850-4B29-4EF5-8DD8-6FD84169116A}.Release|Any CPU.Build.0 = Release|Any CPU
	EndGlobalSection
	GlobalSection(SolutionProperties) = preSolution
		HideSolutionNode = FALSE
	EndGlobalSection
	GlobalSection(ExtensibilityGlobals) = postSolution
		SolutionGuid = {4FB75688-4A13-4E75-A201-9CBC5C897355}
	EndGlobalSection
EndGlobal
